{
    "_meta": {
        "hash": {
            "sha256": "133ffc935386372c11cc7a0bc8f4f61d8471748d8fffe62e12b0616edc97cf15"
        },
        "pipfile-spec": 6,
        "requires": {
            "python_version": "3.7"
        },
        "sources": [
            {
                "name": "pypi",
                "url": "https://pypi.org/simple",
                "verify_ssl": true
            }
        ]
    },
    "default": {
        "django": {
            "hashes": [
                "sha256:a4ad4f6f9c6a4b7af7e2deec8d0cbff28501852e5010d6c2dc695d3d1fae7ca0",
                "sha256:fa98ec9cc9bf5d72a08ebf3654a9452e761fbb8566e3f80de199cbc15477e891"
            ],
            "index": "pypi",
            "version": "==2.2.8"
        },
        "django-ckeditor": {
            "hashes": [
                "sha256:0147f8905dc64747e45157a185feedee4e39973fa4b571c9c82ad10d9d4b8974",
                "sha256:d79fb8248c50f29dc8f143e5ff7223bb4a916f14ffba6c3fcd998c6d986ad592"
            ],
            "index": "pypi",
            "version": "==5.7.1"
        },
        "django-js-asset": {
            "hashes": [
                "sha256:86f9f300d682537ddaf0487dc2ab356581b8f50c069bdba91d334a46e449f923",
                "sha256:adc1ee1efa853fad42054b540c02205344bb406c9bddf87c9e5377a41b7db90f"
            ],
            "markers": "python_version >= '3.6'",
            "version": "==2.0.0"
        },
        "django-tinymce": {
            "hashes": [
                "sha256:5a6e21406daafab22124be5c447abdfe78937307420daae0b997d2be0f08c58b",
                "sha256:bb7311a2ce705a0b95f4ae8fab4f17445982719b557f4e935d68dae514f7df0a"
            ],
            "index": "pypi",
            "version": "==2.8.0"
        },
        "pytz": {
            "hashes": [
                "sha256:1d8ce29db189191fb55338ee6d0387d82ab59f3d00eac103412d64e0ebd0c588",
                "sha256:a151b3abb88eda1d4e34a9814df37de2a80e301e68ba0fd856fb9b46bfbbbffb"
            ],
            "version": "==2023.3"
        },
        "sqlparse": {
            "hashes": [
                "sha256:5430a4fe2ac7d0f93e66f1efc6e1338a41884b7ddf2a350cedd20ccc4d9d28f3",
                "sha256:d446183e84b8349fa3061f0fe7f06ca94ba65b426946ffebe6e3e8295332420c"
            ],
            "index": "pypi",
            "version": "==0.4.4"
        }
    },
    "develop": {}
}
